
Microsoft Visual Studio Solution File, Format Version 12.00
# Visual Studio Version 17
VisualStudioVersion = 17.7.34009.444
MinimumVisualStudioVersion = 10.0.40219.1
Project("{8BC9CEB8-8B4A-11D0-8D11-00A0C91BC942}") = "ExceptList", "ExceptList\ExceptList.vcxproj", "{46FD5D7E-6AF0-4791-BD5F-7259C40E5715}"
EndProject
Global
	GlobalSection(SolutionConfigurationPlatforms) = preSolution
		Debug|x64 = Debug|x64
		Debug|x86 = Debug|x86
		Release|x64 = Release|x64
		Release|x86 = Release|x86
	EndGlobalSection
	GlobalSection(ProjectConfigurationPlatforms) = postSolution
		{46FD5D7E-6AF0-4791-BD5F-7259C40E5715}.Debug|x64.ActiveCfg = Debug|x64
		{46FD5D7E-6AF0-4791-BD5F-7259C40E5715}.Debug|x64.Build.0 = Debug|x64
		{46FD5D7E-6AF0-4791-BD5F-7259C40E5715}.Debug|x86.ActiveCfg = Debug|Win32
		{46FD5D7E-6AF0-4791-BD5F-7259C40E5715}.Debug|x86.Build.0 = Debug|Win32
		{46FD5D7E-6AF0-4791-BD5F-7259C40E5715}.Release|x64.ActiveCfg = Release|x64
		{46FD5D7E-6AF0-4791-BD5F-7259C40E5715}.Release|x64.Build.0 = Release|x64
		{46FD5D7E-6AF0-4791-BD5F-7259C40E5715}.Release|x86.ActiveCfg = Release|Win32
		{46FD5D7E-6AF0-4791-BD5F-7259C40E5715}.Release|x86.Build.0 = Release|Win32
	EndGlobalSection
	GlobalSection(SolutionProperties) = preSolution
		HideSolutionNode = FALSE
	EndGlobalSection
	GlobalSection(ExtensibilityGlobals) = postSolution
		SolutionGuid = {022A677E-065F-4560-BA9B-34CDCF6BB69D}
	EndGlobalSection
EndGlobal
